
Microsoft Visual Studio Solution File, Format Version 12.00
# Visual Studio Version 17
VisualStudioVersion = 17.0.31903.59
MinimumVisualStudioVersion = 10.0.40219.1
Project("{2150E333-8FDC-42A3-9474-1A3956D46DE8}") = "src", "src", "{C82914BD-0C86-428A-8EF8-7A345D2E0E6F}"
EndProject
Project("{FAE04EC0-301F-11D3-BF4B-00C04F79EFBC}") = "EnumSelectionFactoryGenerator", "src\EnumSelectionFactoryGenerator\EnumSelectionFactoryGenerator.csproj", "{CDFD55B3-D96B-450D-972B-775A3DD18D3C}"
EndProject
Project("{2150E333-8FDC-42A3-9474-1A3956D46DE8}") = "tests", "tests", "{4276BA9E-2955-44C6-A744-471023A94A0C}"
EndProject
Project("{FAE04EC0-301F-11D3-BF4B-00C04F79EFBC}") = "EnumSelectionFactoryTests", "tests\EnumSelectionFactoryTests\EnumSelectionFactoryTests.csproj", "{3BFBD9E8-61B5-4612-B3D2-02D478E92E6F}"
EndProject
Global
	GlobalSection(SolutionConfigurationPlatforms) = preSolution
		Debug|Any CPU = Debug|Any CPU
		Release|Any CPU = Release|Any CPU
	EndGlobalSection
	GlobalSection(SolutionProperties) = preSolution
		HideSolutionNode = FALSE
	EndGlobalSection
	GlobalSection(ProjectConfigurationPlatforms) = postSolution
		{CDFD55B3-D96B-450D-972B-775A3DD18D3C}.Debug|Any CPU.ActiveCfg = Debug|Any CPU
		{CDFD55B3-D96B-450D-972B-775A3DD18D3C}.Debug|Any CPU.Build.0 = Debug|Any CPU
		{CDFD55B3-D96B-450D-972B-775A3DD18D3C}.Release|Any CPU.ActiveCfg = Release|Any CPU
		{CDFD55B3-D96B-450D-972B-775A3DD18D3C}.Release|Any CPU.Build.0 = Release|Any CPU
		{3BFBD9E8-61B5-4612-B3D2-02D478E92E6F}.Debug|Any CPU.ActiveCfg = Debug|Any CPU
		{3BFBD9E8-61B5-4612-B3D2-02D478E92E6F}.Debug|Any CPU.Build.0 = Debug|Any CPU
		{3BFBD9E8-61B5-4612-B3D2-02D478E92E6F}.Release|Any CPU.ActiveCfg = Release|Any CPU
		{3BFBD9E8-61B5-4612-B3D2-02D478E92E6F}.Release|Any CPU.Build.0 = Release|Any CPU
	EndGlobalSection
	GlobalSection(NestedProjects) = preSolution
		{CDFD55B3-D96B-450D-972B-775A3DD18D3C} = {C82914BD-0C86-428A-8EF8-7A345D2E0E6F}
		{3BFBD9E8-61B5-4612-B3D2-02D478E92E6F} = {4276BA9E-2955-44C6-A744-471023A94A0C}
	EndGlobalSection
EndGlobal
